
Microsoft Visual Studio Solution File, Format Version 12.00
# Visual Studio Version 17
VisualStudioVersion = 17.7.34024.191
MinimumVisualStudioVersion = 10.0.40219.1
Project("{8BC9CEB8-8B4A-11D0-8D11-00A0C91BC942}") = "CECS-2223-09_Lab03", "CECS-2223-09_Lab03\CECS-2223-09_Lab03.vcxproj", "{8A04545F-F153-4C74-82C5-2D76B47E2DDA}"
EndProject
Global
	GlobalSection(SolutionConfigurationPlatforms) = preSolution
		Debug|x64 = Debug|x64
		Debug|x86 = Debug|x86
		Release|x64 = Release|x64
		Release|x86 = Release|x86
	EndGlobalSection
	GlobalSection(ProjectConfigurationPlatforms) = postSolution
		{8A04545F-F153-4C74-82C5-2D76B47E2DDA}.Debug|x64.ActiveCfg = Debug|x64
		{8A04545F-F153-4C74-82C5-2D76B47E2DDA}.Debug|x64.Build.0 = Debug|x64
		{8A04545F-F153-4C74-82C5-2D76B47E2DDA}.Debug|x86.ActiveCfg = Debug|Win32
		{8A04545F-F153-4C74-82C5-2D76B47E2DDA}.Debug|x86.Build.0 = Debug|Win32
		{8A04545F-F153-4C74-82C5-2D76B47E2DDA}.Release|x64.ActiveCfg = Release|x64
		{8A04545F-F153-4C74-82C5-2D76B47E2DDA}.Release|x64.Build.0 = Release|x64
		{8A04545F-F153-4C74-82C5-2D76B47E2DDA}.Release|x86.ActiveCfg = Release|Win32
		{8A04545F-F153-4C74-82C5-2D76B47E2DDA}.Release|x86.Build.0 = Release|Win32
	EndGlobalSection
	GlobalSection(SolutionProperties) = preSolution
		HideSolutionNode = FALSE
	EndGlobalSection
	GlobalSection(ExtensibilityGlobals) = postSolution
		SolutionGuid = {09C120F8-2670-4280-932F-22D097118823}
	EndGlobalSection
EndGlobal
