
Microsoft Visual Studio Solution File, Format Version 12.00
# Visual Studio Version 17
VisualStudioVersion = 17.3.32811.315
MinimumVisualStudioVersion = 10.0.40219.1
Project("{8BC9CEB8-8B4A-11D0-8D11-00A0C91BC942}") = "3-21-2023_CECS2202", "3-21-2023_CECS2202\3-21-2023_CECS2202.vcxproj", "{C0DE212D-D9F1-49AF-A83A-8F412D2281B3}"
EndProject
Global
	GlobalSection(SolutionConfigurationPlatforms) = preSolution
		Debug|x64 = Debug|x64
		Debug|x86 = Debug|x86
		Release|x64 = Release|x64
		Release|x86 = Release|x86
	EndGlobalSection
	GlobalSection(ProjectConfigurationPlatforms) = postSolution
		{C0DE212D-D9F1-49AF-A83A-8F412D2281B3}.Debug|x64.ActiveCfg = Debug|x64
		{C0DE212D-D9F1-49AF-A83A-8F412D2281B3}.Debug|x64.Build.0 = Debug|x64
		{C0DE212D-D9F1-49AF-A83A-8F412D2281B3}.Debug|x86.ActiveCfg = Debug|Win32
		{C0DE212D-D9F1-49AF-A83A-8F412D2281B3}.Debug|x86.Build.0 = Debug|Win32
		{C0DE212D-D9F1-49AF-A83A-8F412D2281B3}.Release|x64.ActiveCfg = Release|x64
		{C0DE212D-D9F1-49AF-A83A-8F412D2281B3}.Release|x64.Build.0 = Release|x64
		{C0DE212D-D9F1-49AF-A83A-8F412D2281B3}.Release|x86.ActiveCfg = Release|Win32
		{C0DE212D-D9F1-49AF-A83A-8F412D2281B3}.Release|x86.Build.0 = Release|Win32
	EndGlobalSection
	GlobalSection(SolutionProperties) = preSolution
		HideSolutionNode = FALSE
	EndGlobalSection
	GlobalSection(ExtensibilityGlobals) = postSolution
		SolutionGuid = {FD7E6369-2BAC-41F5-BABD-EA9474B906A6}
	EndGlobalSection
EndGlobal
